<?xml version="1.0" encoding="utf-8"?>
<Project ToolsVersion="4.0" xmlns="http://schemas.microsoft.com/developer/msbuild/2003">
  <ItemGroup>
    <Filter Include="Pliki nagłówków">
      <UniqueIdentifier>{6e6da5d2-3c63-4e76-9c3a-1d04ed947380}</UniqueIdentifier>
    </Filter>
    <Filter Include="Pliki źródłowe">
      <UniqueIdentifier>{c4b7141e-3ff2-485f-a981-b66e049ac5d3}</UniqueIdentifier>
    </Filter>
  </ItemGroup>
  <ItemGroup>
    <ClCompile Include="src\Animator.cpp">
      <Filter>Pliki źródłowe</Filter>
    </ClCompile>
    <ClCompile Include="src\AssetManager.cpp">
      <Filter>Pliki źródłowe</Filter>
    </ClCompile>
    <ClCompile Include="src\Background.cpp">
      <Filter>Pliki źródłowe</Filter>
    </ClCompile>
    <ClCompile Include="src\Car.cpp">
      <Filter>Pliki źródłowe</Filter>
    </ClCompile>
    <ClCompile Include="src\CollisionProcessing.cpp">
      <Filter>Pliki źródłowe</Filter>
    </ClCompile>
    <ClCompile Include="src\Droga.cpp">
      <Filter>Pliki źródłowe</Filter>
    </ClCompile>
    <ClCompile Include="src\GUI.cpp">
      <Filter>Pliki źródłowe</Filter>
    </ClCompile>
    <ClCompile Include="src\Leaderboard.cpp">
      <Filter>Pliki źródłowe</Filter>
    </ClCompile>
    <ClCompile Include="src\Loop.cpp">
      <Filter>Pliki źródłowe</Filter>
    </ClCompile>
    <ClCompile Include="src\main.cpp">
      <Filter>Pliki źródłowe</Filter>
    </ClCompile>
    <ClCompile Include="src\NPCar.cpp">
      <Filter>Pliki źródłowe</Filter>
    </ClCompile>
    <ClCompile Include="src\NPCarContainer.cpp">
      <Filter>Pliki źródłowe</Filter>
    </ClCompile>
    <ClCompile Include="src\Pickup.cpp">
      <Filter>Pliki źródłowe</Filter>
    </ClCompile>
    <ClCompile Include="src\RotationProcessing.cpp">
      <Filter>Pliki źródłowe</Filter>
    </ClCompile>
    <ClCompile Include="src\SerialPort.cpp">
      <Filter>Pliki źródłowe</Filter>
    </ClCompile>
    <ClCompile Include="src\Menu.cpp">
      <Filter>Pliki źródłowe</Filter>
    </ClCompile>
  </ItemGroup>
  <ItemGroup>
    <ClInclude Include="src\Animator.h">
      <Filter>Pliki nagłówków</Filter>
    </ClInclude>
    <ClInclude Include="src\AssetManager.h">
      <Filter>Pliki nagłówków</Filter>
    </ClInclude>
    <ClInclude Include="src\Background.h">
      <Filter>Pliki nagłówków</Filter>
    </ClInclude>
    <ClInclude Include="src\Car.h">
      <Filter>Pliki nagłówków</Filter>
    </ClInclude>
    <ClInclude Include="src\CollisionProcessing.h">
      <Filter>Pliki nagłówków</Filter>
    </ClInclude>
    <ClInclude Include="src\Droga.h">
      <Filter>Pliki nagłówków</Filter>
    </ClInclude>
    <ClInclude Include="src\GUI.h">
      <Filter>Pliki nagłówków</Filter>
    </ClInclude>
    <ClInclude Include="src\Leaderboard.h">
      <Filter>Pliki nagłówków</Filter>
    </ClInclude>
    <ClInclude Include="src\Loop.h">
      <Filter>Pliki nagłówków</Filter>
    </ClInclude>
    <ClInclude Include="src\NPCar.h">
      <Filter>Pliki nagłówków</Filter>
    </ClInclude>
    <ClInclude Include="src\NPCarContainer.h">
      <Filter>Pliki nagłówków</Filter>
    </ClInclude>
    <ClInclude Include="src\Pickup.h">
      <Filter>Pliki nagłówków</Filter>
    </ClInclude>
    <ClInclude Include="src\RotationProcessing.h">
      <Filter>Pliki nagłówków</Filter>
    </ClInclude>
    <ClInclude Include="src\SerialPort.h">
      <Filter>Pliki nagłówków</Filter>
    </ClInclude>
    <ClInclude Include="src\Menu.h">
      <Filter>Pliki nagłówków</Filter>
    </ClInclude>
  </ItemGroup>
</Project>