<?xml version="1.0" encoding="utf-8"?>
<Project ToolsVersion="4.0" xmlns="http://schemas.microsoft.com/developer/msbuild/2003">
  <ItemGroup>
    <Filter Include="Pliki nagłówków">
      <UniqueIdentifier>{6e6da5d2-3c63-4e76-9c3a-1d04ed947380}</UniqueIdentifier>
    </Filter>
    <Filter Include="Pliki źródłowe">
      <UniqueIdentifier>{c4b7141e-3ff2-485f-a981-b66e049ac5d3}</UniqueIdentifier>
    </Filter>
  </ItemGroup>
  <ItemGroup>
    <ClCompile Include="Loop.cpp">
      <Filter>Pliki źródłowe</Filter>
    </ClCompile>
    <ClCompile Include="main.cpp">
      <Filter>Pliki źródłowe</Filter>
    </ClCompile>
    <ClCompile Include="SerialPort.cpp">
      <Filter>Pliki źródłowe</Filter>
    </ClCompile>
    <ClCompile Include="RotationProcessing.cpp">
      <Filter>Pliki źródłowe</Filter>
    </ClCompile>
    <ClCompile Include="Car.cpp">
      <Filter>Pliki źródłowe</Filter>
    </ClCompile>
    <ClCompile Include="Background.cpp">
      <Filter>Pliki źródłowe</Filter>
    </ClCompile>
    <ClCompile Include="Droga.cpp">
      <Filter>Pliki źródłowe</Filter>
    </ClCompile>
    <ClCompile Include="CollisionProcessing.cpp">
      <Filter>Pliki źródłowe</Filter>
    </ClCompile>
    <ClCompile Include="NPCarContainer.cpp">
      <Filter>Pliki źródłowe</Filter>
    </ClCompile>
    <ClCompile Include="NPCar.cpp">
      <Filter>Pliki źródłowe</Filter>
    </ClCompile>
    <ClCompile Include="Pickup.cpp">
      <Filter>Pliki źródłowe</Filter>
    </ClCompile>
  </ItemGroup>
  <ItemGroup>
    <ClInclude Include="Loop.h">
      <Filter>Pliki nagłówków</Filter>
    </ClInclude>
    <ClInclude Include="SerialPort.h">
      <Filter>Pliki nagłówków</Filter>
    </ClInclude>
    <ClInclude Include="RotationProcessing.h">
      <Filter>Pliki nagłówków</Filter>
    </ClInclude>
    <ClInclude Include="Car.h">
      <Filter>Pliki nagłówków</Filter>
    </ClInclude>
    <ClInclude Include="Background.h">
      <Filter>Pliki nagłówków</Filter>
    </ClInclude>
    <ClInclude Include="Droga.h">
      <Filter>Pliki nagłówków</Filter>
    </ClInclude>
    <ClInclude Include="CollisionProcessing.h">
      <Filter>Pliki nagłówków</Filter>
    </ClInclude>
    <ClInclude Include="NPCarContainer.h">
      <Filter>Pliki nagłówków</Filter>
    </ClInclude>
    <ClInclude Include="NPCar.h">
      <Filter>Pliki nagłówków</Filter>
    </ClInclude>
    <ClInclude Include="Pickup.h">
      <Filter>Pliki nagłówków</Filter>
    </ClInclude>
  </ItemGroup>
</Project>