
Microsoft Visual Studio Solution File, Format Version 12.00
# Visual Studio Version 17
VisualStudioVersion = 17.7.34202.233
MinimumVisualStudioVersion = 10.0.40219.1
Project("{8BC9CEB8-8B4A-11D0-8D11-00A0C91BC942}") = "SFML Project", "SFML Project.vcxproj", "{E96FC5D9-1EBD-41AF-AD43-B8121ED5F2BF}"
EndProject
Global
	GlobalSection(SolutionConfigurationPlatforms) = preSolution
		Debug|x64 = Debug|x64
		Debug|x86 = Debug|x86
		Release|x64 = Release|x64
		Release|x86 = Release|x86
	EndGlobalSection
	GlobalSection(ProjectConfigurationPlatforms) = postSolution
		{E96FC5D9-1EBD-41AF-AD43-B8121ED5F2BF}.Debug|x64.ActiveCfg = Debug|x64
		{E96FC5D9-1EBD-41AF-AD43-B8121ED5F2BF}.Debug|x64.Build.0 = Debug|x64
		{E96FC5D9-1EBD-41AF-AD43-B8121ED5F2BF}.Debug|x86.ActiveCfg = Debug|Win32
		{E96FC5D9-1EBD-41AF-AD43-B8121ED5F2BF}.Debug|x86.Build.0 = Debug|Win32
		{E96FC5D9-1EBD-41AF-AD43-B8121ED5F2BF}.Release|x64.ActiveCfg = Release|x64
		{E96FC5D9-1EBD-41AF-AD43-B8121ED5F2BF}.Release|x64.Build.0 = Release|x64
		{E96FC5D9-1EBD-41AF-AD43-B8121ED5F2BF}.Release|x86.ActiveCfg = Release|Win32
		{E96FC5D9-1EBD-41AF-AD43-B8121ED5F2BF}.Release|x86.Build.0 = Release|Win32
	EndGlobalSection
	GlobalSection(SolutionProperties) = preSolution
		HideSolutionNode = FALSE
	EndGlobalSection
	GlobalSection(ExtensibilityGlobals) = postSolution
		SolutionGuid = {358273DA-2621-461E-8F8D-70CED949C17E}
	EndGlobalSection
EndGlobal
